{
  "requires": true,
  "lockfileVersion": 1,
  "dependencies": {
    "vuelidate": {
      "version": "0.6.1",
      "resolved": "https://registry.npmjs.org/vuelidate/-/vuelidate-0.6.1.tgz",
      "integrity": "sha512-QE24xV9ghPLHebe4nslzdApV4Uh8pT/tfdBmqK9GdUKOPtF+pLhPV6Q51GYaqK4+H1MBW6KedNX2Mrfi7/Oq8A=="
    }
  }
}
